{
	"name": "discord-trout",
	"version": "1.0.0",
	"lockfileVersion": 2,
	"requires": true,
	"packages": {
		"": {
			"name": "discord-trout",
			"version": "1.0.0",
			"license": "MIT",
			"dependencies": {
				"discord-api-types": "^0.37.37",
				"discord-verify": "^1.0.0",
				"dotenv": "^8.6.0"
			},
			"devDependencies": {
				"@types/node": "^18.15.11"
			}
		},
		"node_modules/@types/node": {
			"version": "18.15.11",
			"resolved": "https://registry.npmjs.org/@types/node/-/node-18.15.11.tgz",
			"integrity": "sha512-E5Kwq2n4SbMzQOn6wnmBjuK9ouqlURrcZDVfbo9ftDDTFt3nk7ZKK4GMOzoYgnpQJKcxwQw+lGaBvvlMo0qN/Q==",
			"dev": true
		},
		"node_modules/discord-api-types": {
			"version": "0.37.37",
			"resolved": "https://registry.npmjs.org/discord-api-types/-/discord-api-types-0.37.37.tgz",
			"integrity": "sha512-LDMBKzl/zbvHO/yCzno5hevuA6lFIXJwdKSJZQrB+1ToDpFfN9thK+xxgZNR4aVkI7GHRDja0p4Sl2oYVPnHYg=="
		},
		"node_modules/discord-verify": {
			"version": "1.0.0",
			"resolved": "https://registry.npmjs.org/discord-verify/-/discord-verify-1.0.0.tgz",
			"integrity": "sha512-3oylOAVOArmCXedhLPmGCdh0qyQ8E8gnh2aokIl1Qg2b81C+xewyZegay9EOniWjuGXe3jMrvaMrKv398u4QFg==",
			"engines": {
				"node": ">=16"
			}
		},
		"node_modules/dotenv": {
			"version": "8.6.0",
			"resolved": "https://registry.npmjs.org/dotenv/-/dotenv-8.6.0.tgz",
			"integrity": "sha512-IrPdXQsk2BbzvCBGBOTmmSH5SodmqZNt4ERAZDmW4CT+tL8VtvinqywuANaFu4bOMWki16nqf0e4oC0QIaDr/g==",
			"engines": {
				"node": ">=10"
			}
		}
	},
	"dependencies": {
		"@types/node": {
			"version": "18.15.11",
			"resolved": "https://registry.npmjs.org/@types/node/-/node-18.15.11.tgz",
			"integrity": "sha512-E5Kwq2n4SbMzQOn6wnmBjuK9ouqlURrcZDVfbo9ftDDTFt3nk7ZKK4GMOzoYgnpQJKcxwQw+lGaBvvlMo0qN/Q==",
			"dev": true
		},
		"discord-api-types": {
			"version": "0.37.37",
			"resolved": "https://registry.npmjs.org/discord-api-types/-/discord-api-types-0.37.37.tgz",
			"integrity": "sha512-LDMBKzl/zbvHO/yCzno5hevuA6lFIXJwdKSJZQrB+1ToDpFfN9thK+xxgZNR4aVkI7GHRDja0p4Sl2oYVPnHYg=="
		},
		"discord-verify": {
			"version": "1.0.0",
			"resolved": "https://registry.npmjs.org/discord-verify/-/discord-verify-1.0.0.tgz",
			"integrity": "sha512-3oylOAVOArmCXedhLPmGCdh0qyQ8E8gnh2aokIl1Qg2b81C+xewyZegay9EOniWjuGXe3jMrvaMrKv398u4QFg=="
		},
		"dotenv": {
			"version": "8.6.0",
			"resolved": "https://registry.npmjs.org/dotenv/-/dotenv-8.6.0.tgz",
			"integrity": "sha512-IrPdXQsk2BbzvCBGBOTmmSH5SodmqZNt4ERAZDmW4CT+tL8VtvinqywuANaFu4bOMWki16nqf0e4oC0QIaDr/g=="
		}
	}
}
